// !$*UTF8*$!
{
	archiveVersion = 1;
	classes = {
	};
	objectVersion = 46;
	objects = {

/* Begin PBXBuildFile section */
		C02D27311ABF3E7300571E0D /* DropitBehavior.swift in Sources */ = {isa = PBXBuildFile; fileRef = C02D27301ABF3E7300571E0D /* DropitBehavior.swift */; };
		C02D27331ABF544F00571E0D /* BezierPathsView.swift in Sources */ = {isa = PBXBuildFile; fileRef = C02D27321ABF544F00571E0D /* BezierPathsView.swift */; };
		C0ACECFD1ABF30340055D181 /* AppDelegate.swift in Sources */ = {isa = PBXBuildFile; fileRef = C0ACECFC1ABF30340055D181 /* AppDelegate.swift */; };
		C0ACED021ABF30340055D181 /* Main.storyboard in Resources */ = {isa = PBXBuildFile; fileRef = C0ACED001ABF30340055D181 /* Main.storyboard */; };
		C0ACED041ABF30340055D181 /* Images.xcassets in Resources */ = {isa = PBXBuildFile; fileRef = C0ACED031ABF30340055D181 /* Images.xcassets */; };
		C0ACED071ABF30340055D181 /* LaunchScreen.xib in Resources */ = {isa = PBXBuildFile; fileRef = C0ACED051ABF30340055D181 /* LaunchScreen.xib */; };
		C0ACED131ABF30340055D181 /* DropitTests.swift in Sources */ = {isa = PBXBuildFile; fileRef = C0ACED121ABF30340055D181 /* DropitTests.swift */; };
		C0ACED1D1ABF30C30055D181 /* DropitViewController.swift in Sources */ = {isa = PBXBuildFile; fileRef = C0ACED1C1ABF30C30055D181 /* DropitViewController.swift */; };
/* End PBXBuildFile section */

/* Begin PBXContainerItemProxy section */
		C0ACED0D1ABF30340055D181 /* PBXContainerItemProxy */ = {
			isa = PBXContainerItemProxy;
			containerPortal = C0ACECEF1ABF30340055D181 /* Project object */;
			proxyType = 1;
			remoteGlobalIDString = C0ACECF61ABF30340055D181;
			remoteInfo = Dropit;
		};
/* End PBXContainerItemProxy section */

/* Begin PBXFileReference section */
		C02D27301ABF3E7300571E0D /* DropitBehavior.swift */ = {isa = PBXFileReference; fileEncoding = 4; lastKnownFileType = sourcecode.swift; path = DropitBehavior.swift; sourceTree = "<group>"; };
		C02D27321ABF544F00571E0D /* BezierPathsView.swift */ = {isa = PBXFileReference; fileEncoding = 4; lastKnownFileType = sourcecode.swift; path = BezierPathsView.swift; sourceTree = "<group>"; };
		C0ACECF71ABF30340055D181 /* Dropit.app */ = {isa = PBXFileReference; explicitFileType = wrapper.application; includeInIndex = 0; path = Dropit.app; sourceTree = BUILT_PRODUCTS_DIR; };
		C0ACECFB1ABF30340055D181 /* Info.plist */ = {isa = PBXFileReference; lastKnownFileType = text.plist.xml; path = Info.plist; sourceTree = "<group>"; };
		C0ACECFC1ABF30340055D181 /* AppDelegate.swift */ = {isa = PBXFileReference; lastKnownFileType = sourcecode.swift; path = AppDelegate.swift; sourceTree = "<group>"; };
		C0ACED011ABF30340055D181 /* Base */ = {isa = PBXFileReference; lastKnownFileType = file.storyboard; name = Base; path = Base.lproj/Main.storyboard; sourceTree = "<group>"; };
		C0ACED031ABF30340055D181 /* Images.xcassets */ = {isa = PBXFileReference; lastKnownFileType = folder.assetcatalog; path = Images.xcassets; sourceTree = "<group>"; };
		C0ACED061ABF30340055D181 /* Base */ = {isa = PBXFileReference; lastKnownFileType = file.xib; name = Base; path = Base.lproj/LaunchScreen.xib; sourceTree = "<group>"; };
		C0ACED0C1ABF30340055D181 /* DropitTests.xctest */ = {isa = PBXFileReference; explicitFileType = wrapper.cfbundle; includeInIndex = 0; path = DropitTests.xctest; sourceTree = BUILT_PRODUCTS_DIR; };
		C0ACED111ABF30340055D181 /* Info.plist */ = {isa = PBXFileReference; lastKnownFileType = text.plist.xml; path = Info.plist; sourceTree = "<group>"; };
		C0ACED121ABF30340055D181 /* DropitTests.swift */ = {isa = PBXFileReference; lastKnownFileType = sourcecode.swift; path = DropitTests.swift; sourceTree = "<group>"; };
		C0ACED1C1ABF30C30055D181 /* DropitViewController.swift */ = {isa = PBXFileReference; fileEncoding = 4; lastKnownFileType = sourcecode.swift; path = DropitViewController.swift; sourceTree = SOURCE_ROOT; };
/* End PBXFileReference section */

/* Begin PBXFrameworksBuildPhase section */
		C0ACECF41ABF30340055D181 /* Frameworks */ = {
			isa = PBXFrameworksBuildPhase;
			buildActionMask = 2147483647;
			files = (
			);
			runOnlyForDeploymentPostprocessing = 0;
		};
		C0ACED091ABF30340055D181 /* Frameworks */ = {
			isa = PBXFrameworksBuildPhase;
			buildActionMask = 2147483647;
			files = (
			);
			runOnlyForDeploymentPostprocessing = 0;
		};
/* End PBXFrameworksBuildPhase section */

/* Begin PBXGroup section */
		C0ACECEE1ABF30340055D181 = {
			isa = PBXGroup;
			children = (
				C0ACECF91ABF30340055D181 /* Dropit */,
				C0ACED0F1ABF30340055D181 /* DropitTests */,
				C0ACECF81ABF30340055D181 /* Products */,
			);
			sourceTree = "<group>";
		};
		C0ACECF81ABF30340055D181 /* Products */ = {
			isa = PBXGroup;
			children = (
				C0ACECF71ABF30340055D181 /* Dropit.app */,
				C0ACED0C1ABF30340055D181 /* DropitTests.xctest */,
			);
			name = Products;
			sourceTree = "<group>";
		};
		C0ACECF91ABF30340055D181 /* Dropit */ = {
			isa = PBXGroup;
			children = (
				C0ACED1C1ABF30C30055D181 /* DropitViewController.swift */,
				C02D27301ABF3E7300571E0D /* DropitBehavior.swift */,
				C02D27321ABF544F00571E0D /* BezierPathsView.swift */,
				C0ACED001ABF30340055D181 /* Main.storyboard */,
				C0ACECFA1ABF30340055D181 /* Supporting Files */,
			);
			path = Dropit;
			sourceTree = "<group>";
		};
		C0ACECFA1ABF30340055D181 /* Supporting Files */ = {
			isa = PBXGroup;
			children = (
				C0ACED031ABF30340055D181 /* Images.xcassets */,
				C0ACECFC1ABF30340055D181 /* AppDelegate.swift */,
				C0ACED051ABF30340055D181 /* LaunchScreen.xib */,
				C0ACECFB1ABF30340055D181 /* Info.plist */,
			);
			name = "Supporting Files";
			sourceTree = "<group>";
		};
		C0ACED0F1ABF30340055D181 /* DropitTests */ = {
			isa = PBXGroup;
			children = (
				C0ACED121ABF30340055D181 /* DropitTests.swift */,
				C0ACED101ABF30340055D181 /* Supporting Files */,
			);
			path = DropitTests;
			sourceTree = "<group>";
		};
		C0ACED101ABF30340055D181 /* Supporting Files */ = {
			isa = PBXGroup;
			children = (
				C0ACED111ABF30340055D181 /* Info.plist */,
			);
			name = "Supporting Files";
			sourceTree = "<group>";
		};
/* End PBXGroup section */

/* Begin PBXNativeTarget section */
		C0ACECF61ABF30340055D181 /* Dropit */ = {
			isa = PBXNativeTarget;
			buildConfigurationList = C0ACED161ABF30340055D181 /* Build configuration list for PBXNativeTarget "Dropit" */;
			buildPhases = (
				C0ACECF31ABF30340055D181 /* Sources */,
				C0ACECF41ABF30340055D181 /* Frameworks */,
				C0ACECF51ABF30340055D181 /* Resources */,
			);
			buildRules = (
			);
			dependencies = (
			);
			name = Dropit;
			productName = Dropit;
			productReference = C0ACECF71ABF30340055D181 /* Dropit.app */;
			productType = "com.apple.product-type.application";
		};
		C0ACED0B1ABF30340055D181 /* DropitTests */ = {
			isa = PBXNativeTarget;
			buildConfigurationList = C0ACED191ABF30340055D181 /* Build configuration list for PBXNativeTarget "DropitTests" */;
			buildPhases = (
				C0ACED081ABF30340055D181 /* Sources */,
				C0ACED091ABF30340055D181 /* Frameworks */,
				C0ACED0A1ABF30340055D181 /* Resources */,
			);
			buildRules = (
			);
			dependencies = (
				C0ACED0E1ABF30340055D181 /* PBXTargetDependency */,
			);
			name = DropitTests;
			productName = DropitTests;
			productReference = C0ACED0C1ABF30340055D181 /* DropitTests.xctest */;
			productType = "com.apple.product-type.bundle.unit-test";
		};
/* End PBXNativeTarget section */

/* Begin PBXProject section */
		C0ACECEF1ABF30340055D181 /* Project object */ = {
			isa = PBXProject;
			attributes = {
				LastUpgradeCheck = 0620;
				ORGANIZATIONNAME = kkate;
				TargetAttributes = {
					C0ACECF61ABF30340055D181 = {
						CreatedOnToolsVersion = 6.2;
					};
					C0ACED0B1ABF30340055D181 = {
						CreatedOnToolsVersion = 6.2;
						TestTargetID = C0ACECF61ABF30340055D181;
					};
				};
			};
			buildConfigurationList = C0ACECF21ABF30340055D181 /* Build configuration list for PBXProject "Dropit" */;
			compatibilityVersion = "Xcode 3.2";
			developmentRegion = English;
			hasScannedForEncodings = 0;
			knownRegions = (
				en,
				Base,
			);
			mainGroup = C0ACECEE1ABF30340055D181;
			productRefGroup = C0ACECF81ABF30340055D181 /* Products */;
			projectDirPath = "";
			projectRoot = "";
			targets = (
				C0ACECF61ABF30340055D181 /* Dropit */,
				C0ACED0B1ABF30340055D181 /* DropitTests */,
			);
		};
/* End PBXProject section */

/* Begin PBXResourcesBuildPhase section */
		C0ACECF51ABF30340055D181 /* Resources */ = {
			isa = PBXResourcesBuildPhase;
			buildActionMask = 2147483647;
			files = (
				C0ACED021ABF30340055D181 /* Main.storyboard in Resources */,
				C0ACED071ABF30340055D181 /* LaunchScreen.xib in Resources */,
				C0ACED041ABF30340055D181 /* Images.xcassets in Resources */,
			);
			runOnlyForDeploymentPostprocessing = 0;
		};
		C0ACED0A1ABF30340055D181 /* Resources */ = {
			isa = PBXResourcesBuildPhase;
			buildActionMask = 2147483647;
			files = (
			);
			runOnlyForDeploymentPostprocessing = 0;
		};
/* End PBXResourcesBuildPhase section */

/* Begin PBXSourcesBuildPhase section */
		C0ACECF31ABF30340055D181 /* Sources */ = {
			isa = PBXSourcesBuildPhase;
			buildActionMask = 2147483647;
			files = (
				C02D27331ABF544F00571E0D /* BezierPathsView.swift in Sources */,
				C0ACED1D1ABF30C30055D181 /* DropitViewController.swift in Sources */,
				C0ACECFD1ABF30340055D181 /* AppDelegate.swift in Sources */,
				C02D27311ABF3E7300571E0D /* DropitBehavior.swift in Sources */,
			);
			runOnlyForDeploymentPostprocessing = 0;
		};
		C0ACED081ABF30340055D181 /* Sources */ = {
			isa = PBXSourcesBuildPhase;
			buildActionMask = 2147483647;
			files = (
				C0ACED131ABF30340055D181 /* DropitTests.swift in Sources */,
			);
			runOnlyForDeploymentPostprocessing = 0;
		};
/* End PBXSourcesBuildPhase section */

/* Begin PBXTargetDependency section */
		C0ACED0E1ABF30340055D181 /* PBXTargetDependency */ = {
			isa = PBXTargetDependency;
			target = C0ACECF61ABF30340055D181 /* Dropit */;
			targetProxy = C0ACED0D1ABF30340055D181 /* PBXContainerItemProxy */;
		};
/* End PBXTargetDependency section */

/* Begin PBXVariantGroup section */
		C0ACED001ABF30340055D181 /* Main.storyboard */ = {
			isa = PBXVariantGroup;
			children = (
				C0ACED011ABF30340055D181 /* Base */,
			);
			name = Main.storyboard;
			sourceTree = "<group>";
		};
		C0ACED051ABF30340055D181 /* LaunchScreen.xib */ = {
			isa = PBXVariantGroup;
			children = (
				C0ACED061ABF30340055D181 /* Base */,
			);
			name = LaunchScreen.xib;
			sourceTree = "<group>";
		};
/* End PBXVariantGroup section */

/* Begin XCBuildConfiguration section */
		C0ACED141ABF30340055D181 /* Debug */ = {
			isa = XCBuildConfiguration;
			buildSettings = {
				ALWAYS_SEARCH_USER_PATHS = NO;
				CLANG_CXX_LANGUAGE_STANDARD = "gnu++0x";
				CLANG_CXX_LIBRARY = "libc++";
				CLANG_ENABLE_MODULES = YES;
				CLANG_ENABLE_OBJC_ARC = YES;
				CLANG_WARN_BOOL_CONVERSION = YES;
				CLANG_WARN_CONSTANT_CONVERSION = YES;
				CLANG_WARN_DIRECT_OBJC_ISA_USAGE = YES_ERROR;
				CLANG_WARN_EMPTY_BODY = YES;
				CLANG_WARN_ENUM_CONVERSION = YES;
				CLANG_WARN_INT_CONVERSION = YES;
				CLANG_WARN_OBJC_ROOT_CLASS = YES_ERROR;
				CLANG_WARN_UNREACHABLE_CODE = YES;
				CLANG_WARN__DUPLICATE_METHOD_MATCH = YES;
				"CODE_SIGN_IDENTITY[sdk=iphoneos*]" = "iPhone Developer";
				COPY_PHASE_STRIP = NO;
				ENABLE_STRICT_OBJC_MSGSEND = YES;
				GCC_C_LANGUAGE_STANDARD = gnu99;
				GCC_DYNAMIC_NO_PIC = NO;
				GCC_OPTIMIZATION_LEVEL = 0;
				GCC_PREPROCESSOR_DEFINITIONS = (
					"DEBUG=1",
					"$(inherited)",
				);
				GCC_SYMBOLS_PRIVATE_EXTERN = NO;
				GCC_WARN_64_TO_32_BIT_CONVERSION = YES;
				GCC_WARN_ABOUT_RETURN_TYPE = YES_ERROR;
				GCC_WARN_UNDECLARED_SELECTOR = YES;
				GCC_WARN_UNINITIALIZED_AUTOS = YES_AGGRESSIVE;
				GCC_WARN_UNUSED_FUNCTION = YES;
				GCC_WARN_UNUSED_VARIABLE = YES;
				IPHONEOS_DEPLOYMENT_TARGET = 8.2;
				MTL_ENABLE_DEBUG_INFO = YES;
				ONLY_ACTIVE_ARCH = YES;
				SDKROOT = iphoneos;
				SWIFT_OPTIMIZATION_LEVEL = "-Onone";
				TARGETED_DEVICE_FAMILY = "1,2";
			};
			name = Debug;
		};
		C0ACED151ABF30340055D181 /* Release */ = {
			isa = XCBuildConfiguration;
			buildSettings = {
				ALWAYS_SEARCH_USER_PATHS = NO;
				CLANG_CXX_LANGUAGE_STANDARD = "gnu++0x";
				CLANG_CXX_LIBRARY = "libc++";
				CLANG_ENABLE_MODULES = YES;
				CLANG_ENABLE_OBJC_ARC = YES;
				CLANG_WARN_BOOL_CONVERSION = YES;
				CLANG_WARN_CONSTANT_CONVERSION = YES;
				CLANG_WARN_DIRECT_OBJC_ISA_USAGE = YES_ERROR;
				CLANG_WARN_EMPTY_BODY = YES;
				CLANG_WARN_ENUM_CONVERSION = YES;
				CLANG_WARN_INT_CONVERSION = YES;
				CLANG_WARN_OBJC_ROOT_CLASS = YES_ERROR;
				CLANG_WARN_UNREACHABLE_CODE = YES;
				CLANG_WARN__DUPLICATE_METHOD_MATCH = YES;
				"CODE_SIGN_IDENTITY[sdk=iphoneos*]" = "iPhone Developer";
				COPY_PHASE_STRIP = NO;
				ENABLE_NS_ASSERTIONS = NO;
				ENABLE_STRICT_OBJC_MSGSEND = YES;
				GCC_C_LANGUAGE_STANDARD = gnu99;
				GCC_WARN_64_TO_32_BIT_CONVERSION = YES;
				GCC_WARN_ABOUT_RETURN_TYPE = YES_ERROR;
				GCC_WARN_UNDECLARED_SELECTOR = YES;
				GCC_WARN_UNINITIALIZED_AUTOS = YES_AGGRESSIVE;
				GCC_WARN_UNUSED_FUNCTION = YES;
				GCC_WARN_UNUSED_VARIABLE = YES;
				IPHONEOS_DEPLOYMENT_TARGET = 8.2;
				MTL_ENABLE_DEBUG_INFO = NO;
				SDKROOT = iphoneos;
				TARGETED_DEVICE_FAMILY = "1,2";
				VALIDATE_PRODUCT = YES;
			};
			name = Release;
		};
		C0ACED171ABF30340055D181 /* Debug */ = {
			isa = XCBuildConfiguration;
			buildSettings = {
				ASSETCATALOG_COMPILER_APPICON_NAME = AppIcon;
				INFOPLIST_FILE = Dropit/Info.plist;
				LD_RUNPATH_SEARCH_PATHS = "$(inherited) @executable_path/Frameworks";
				PRODUCT_NAME = "$(TARGET_NAME)";
			};
			name = Debug;
		};
		C0ACED181ABF30340055D181 /* Release */ = {
			isa = XCBuildConfiguration;
			buildSettings = {
				ASSETCATALOG_COMPILER_APPICON_NAME = AppIcon;
				INFOPLIST_FILE = Dropit/Info.plist;
				LD_RUNPATH_SEARCH_PATHS = "$(inherited) @executable_path/Frameworks";
				PRODUCT_NAME = "$(TARGET_NAME)";
			};
			name = Release;
		};
		C0ACED1A1ABF30340055D181 /* Debug */ = {
			isa = XCBuildConfiguration;
			buildSettings = {
				BUNDLE_LOADER = "$(TEST_HOST)";
				FRAMEWORK_SEARCH_PATHS = (
					"$(SDKROOT)/Developer/Library/Frameworks",
					"$(inherited)",
				);
				GCC_PREPROCESSOR_DEFINITIONS = (
					"DEBUG=1",
					"$(inherited)",
				);
				INFOPLIST_FILE = DropitTests/Info.plist;
				LD_RUNPATH_SEARCH_PATHS = "$(inherited) @executable_path/Frameworks @loader_path/Frameworks";
				PRODUCT_NAME = "$(TARGET_NAME)";
				TEST_HOST = "$(BUILT_PRODUCTS_DIR)/Dropit.app/Dropit";
			};
			name = Debug;
		};
		C0ACED1B1ABF30340055D181 /* Release */ = {
			isa = XCBuildConfiguration;
			buildSettings = {
				BUNDLE_LOADER = "$(TEST_HOST)";
				FRAMEWORK_SEARCH_PATHS = (
					"$(SDKROOT)/Developer/Library/Frameworks",
					"$(inherited)",
				);
				INFOPLIST_FILE = DropitTests/Info.plist;
				LD_RUNPATH_SEARCH_PATHS = "$(inherited) @executable_path/Frameworks @loader_path/Frameworks";
				PRODUCT_NAME = "$(TARGET_NAME)";
				TEST_HOST = "$(BUILT_PRODUCTS_DIR)/Dropit.app/Dropit";
			};
			name = Release;
		};
/* End XCBuildConfiguration section */

/* Begin XCConfigurationList section */
		C0ACECF21ABF30340055D181 /* Build configuration list for PBXProject "Dropit" */ = {
			isa = XCConfigurationList;
			buildConfigurations = (
				C0ACED141ABF30340055D181 /* Debug */,
				C0ACED151ABF30340055D181 /* Release */,
			);
			defaultConfigurationIsVisible = 0;
			defaultConfigurationName = Release;
		};
		C0ACED161ABF30340055D181 /* Build configuration list for PBXNativeTarget "Dropit" */ = {
			isa = XCConfigurationList;
			buildConfigurations = (
				C0ACED171ABF30340055D181 /* Debug */,
				C0ACED181ABF30340055D181 /* Release */,
			);
			defaultConfigurationIsVisible = 0;
			defaultConfigurationName = Release;
		};
		C0ACED191ABF30340055D181 /* Build configuration list for PBXNativeTarget "DropitTests" */ = {
			isa = XCConfigurationList;
			buildConfigurations = (
				C0ACED1A1ABF30340055D181 /* Debug */,
				C0ACED1B1ABF30340055D181 /* Release */,
			);
			defaultConfigurationIsVisible = 0;
			defaultConfigurationName = Release;
		};
/* End XCConfigurationList section */
	};
	rootObject = C0ACECEF1ABF30340055D181 /* Project object */;
}
